
Microsoft Visual Studio Solution File, Format Version 12.00
# Visual Studio 15
VisualStudioVersion = 15.0.28307.852
MinimumVisualStudioVersion = 10.0.40219.1
Project("{FAE04EC0-301F-11D3-BF4B-00C04F79EFBC}") = "WebApplication1", "WebApplication1\WebApplication1.csproj", "{4FB4AA53-165F-4C7E-A11D-FC21C625BE16}"
EndProject
Global
	GlobalSection(SolutionConfigurationPlatforms) = preSolution
		Debug|Any CPU = Debug|Any CPU
		Release|Any CPU = Release|Any CPU
	EndGlobalSection
	GlobalSection(ProjectConfigurationPlatforms) = postSolution
		{4FB4AA53-165F-4C7E-A11D-FC21C625BE16}.Debug|Any CPU.ActiveCfg = Debug|Any CPU
		{4FB4AA53-165F-4C7E-A11D-FC21C625BE16}.Debug|Any CPU.Build.0 = Debug|Any CPU
		{4FB4AA53-165F-4C7E-A11D-FC21C625BE16}.Release|Any CPU.ActiveCfg = Release|Any CPU
		{4FB4AA53-165F-4C7E-A11D-FC21C625BE16}.Release|Any CPU.Build.0 = Release|Any CPU
	EndGlobalSection
	GlobalSection(SolutionProperties) = preSolution
		HideSolutionNode = FALSE
	EndGlobalSection
	GlobalSection(ExtensibilityGlobals) = postSolution
		SolutionGuid = {AA7B6B7C-500C-45AF-A309-FC57A04B41DD}
	EndGlobalSection
EndGlobal
